
Microsoft Visual Studio Solution File, Format Version 12.00
# Visual Studio Version 17
VisualStudioVersion = 17.10.35013.160
MinimumVisualStudioVersion = 10.0.40219.1
Project("{FAE04EC0-301F-11D3-BF4B-00C04F79EFBC}") = "DemoApplication.UI", "DemoApplication.UI\DemoApplication.UI.csproj", "{5FE9B039-389D-4BF4-96BF-EECC18171E80}"
EndProject
Global
	GlobalSection(SolutionConfigurationPlatforms) = preSolution
		Debug|Any CPU = Debug|Any CPU
		Release|Any CPU = Release|Any CPU
	EndGlobalSection
	GlobalSection(ProjectConfigurationPlatforms) = postSolution
		{5FE9B039-389D-4BF4-96BF-EECC18171E80}.Debug|Any CPU.ActiveCfg = Debug|Any CPU
		{5FE9B039-389D-4BF4-96BF-EECC18171E80}.Debug|Any CPU.Build.0 = Debug|Any CPU
		{5FE9B039-389D-4BF4-96BF-EECC18171E80}.Debug|Any CPU.Deploy.0 = Debug|Any CPU
		{5FE9B039-389D-4BF4-96BF-EECC18171E80}.Release|Any CPU.ActiveCfg = Release|Any CPU
		{5FE9B039-389D-4BF4-96BF-EECC18171E80}.Release|Any CPU.Build.0 = Release|Any CPU
		{5FE9B039-389D-4BF4-96BF-EECC18171E80}.Release|Any CPU.Deploy.0 = Release|Any CPU
	EndGlobalSection
	GlobalSection(SolutionProperties) = preSolution
		HideSolutionNode = FALSE
	EndGlobalSection
	GlobalSection(ExtensibilityGlobals) = postSolution
		SolutionGuid = {AF1C1B5E-709E-43AA-9522-833F8343507A}
	EndGlobalSection
EndGlobal
